// !$*UTF8*$!
{
	archiveVersion = 1;
	classes = {
	};
	objectVersion = 50;
	objects = {

/* Begin PBXBuildFile section */
		3C9FD79426843514003F9614 /* main.c in Sources */ = {isa = PBXBuildFile; fileRef = 3C9FD79326843514003F9614 /* main.c */; };
		3C9FD7A126843653003F9614 /* chunk.h in Sources */ = {isa = PBXBuildFile; fileRef = 3C9FD7A026843653003F9614 /* chunk.h */; };
		3C9FD7A52684568C003F9614 /* chunk.c in Sources */ = {isa = PBXBuildFile; fileRef = 3C9FD7A42684568C003F9614 /* chunk.c */; };
		3C9FD7AA26845F3F003F9614 /* memory.c in Sources */ = {isa = PBXBuildFile; fileRef = 3C9FD7A926845F3F003F9614 /* memory.c */; };
		3C9FD7AE268467DC003F9614 /* debug.c in Sources */ = {isa = PBXBuildFile; fileRef = 3C9FD7AD268467DC003F9614 /* debug.c */; };
		3C9FD7B226847F1B003F9614 /* value.c in Sources */ = {isa = PBXBuildFile; fileRef = 3C9FD7B126847F1B003F9614 /* value.c */; };
		3C9FD7B626862752003F9614 /* line.c in Sources */ = {isa = PBXBuildFile; fileRef = 3C9FD7B526862752003F9614 /* line.c */; };
		3C9FD7C42686DF48003F9614 /* main.c in Sources */ = {isa = PBXBuildFile; fileRef = 3C9FD7C32686DF48003F9614 /* main.c */; };
		3C9FD7D02686E3A3003F9614 /* unity.c in Sources */ = {isa = PBXBuildFile; fileRef = 3C9FD7CD2686E3A3003F9614 /* unity.c */; };
		3C9FD7D52686F885003F9614 /* line.c in Sources */ = {isa = PBXBuildFile; fileRef = 3C9FD7B526862752003F9614 /* line.c */; };
		3C9FD7D82686F898003F9614 /* memory.c in Sources */ = {isa = PBXBuildFile; fileRef = 3C9FD7A926845F3F003F9614 /* memory.c */; };
		3C9FD7DF2686FAEE003F9614 /* line_tests.c in Sources */ = {isa = PBXBuildFile; fileRef = 3C9FD7DE2686FAEE003F9614 /* line_tests.c */; };
		3C9FD7EA26871C68003F9614 /* chunk_tests.c in Sources */ = {isa = PBXBuildFile; fileRef = 3C9FD7E926871C68003F9614 /* chunk_tests.c */; };
		3C9FD7ED26871C9B003F9614 /* chunk.c in Sources */ = {isa = PBXBuildFile; fileRef = 3C9FD7A42684568C003F9614 /* chunk.c */; };
		3C9FD7F026871E0E003F9614 /* value.c in Sources */ = {isa = PBXBuildFile; fileRef = 3C9FD7B126847F1B003F9614 /* value.c */; };
		3C9FD7F4268729A8003F9614 /* value_tests.c in Sources */ = {isa = PBXBuildFile; fileRef = 3C9FD7F3268729A8003F9614 /* value_tests.c */; };
/* End PBXBuildFile section */

/* Begin PBXCopyFilesBuildPhase section */
		3C9FD78E26843514003F9614 /* CopyFiles */ = {
			isa = PBXCopyFilesBuildPhase;
			buildActionMask = 2147483647;
			dstPath = /usr/share/man/man1/;
			dstSubfolderSpec = 0;
			files = (
			);
			runOnlyForDeploymentPostprocessing = 1;
		};
		3C9FD7BF2686DF48003F9614 /* CopyFiles */ = {
			isa = PBXCopyFilesBuildPhase;
			buildActionMask = 2147483647;
			dstPath = /usr/share/man/man1/;
			dstSubfolderSpec = 0;
			files = (
			);
			runOnlyForDeploymentPostprocessing = 1;
		};
/* End PBXCopyFilesBuildPhase section */

/* Begin PBXFileReference section */
		3C9FD79026843514003F9614 /* cLox */ = {isa = PBXFileReference; explicitFileType = "compiled.mach-o.executable"; includeInIndex = 0; path = cLox; sourceTree = BUILT_PRODUCTS_DIR; };
		3C9FD79326843514003F9614 /* main.c */ = {isa = PBXFileReference; lastKnownFileType = sourcecode.c.c; path = main.c; sourceTree = "<group>"; };
		3C9FD79B2684354B003F9614 /* common.h */ = {isa = PBXFileReference; lastKnownFileType = sourcecode.c.h; path = common.h; sourceTree = "<group>"; };
		3C9FD7A026843653003F9614 /* chunk.h */ = {isa = PBXFileReference; lastKnownFileType = sourcecode.c.h; path = chunk.h; sourceTree = "<group>"; };
		3C9FD7A42684568C003F9614 /* chunk.c */ = {isa = PBXFileReference; lastKnownFileType = sourcecode.c.c; path = chunk.c; sourceTree = "<group>"; };
		3C9FD7A726845C04003F9614 /* memory.h */ = {isa = PBXFileReference; lastKnownFileType = sourcecode.c.h; path = memory.h; sourceTree = "<group>"; };
		3C9FD7A926845F3F003F9614 /* memory.c */ = {isa = PBXFileReference; lastKnownFileType = sourcecode.c.c; path = memory.c; sourceTree = "<group>"; };
		3C9FD7AC268467DC003F9614 /* debug.h */ = {isa = PBXFileReference; lastKnownFileType = sourcecode.c.h; path = debug.h; sourceTree = "<group>"; };
		3C9FD7AD268467DC003F9614 /* debug.c */ = {isa = PBXFileReference; lastKnownFileType = sourcecode.c.c; path = debug.c; sourceTree = "<group>"; };
		3C9FD7B026847F1B003F9614 /* value.h */ = {isa = PBXFileReference; lastKnownFileType = sourcecode.c.h; path = value.h; sourceTree = "<group>"; };
		3C9FD7B126847F1B003F9614 /* value.c */ = {isa = PBXFileReference; lastKnownFileType = sourcecode.c.c; path = value.c; sourceTree = "<group>"; };
		3C9FD7B426862752003F9614 /* line.h */ = {isa = PBXFileReference; lastKnownFileType = sourcecode.c.h; path = line.h; sourceTree = "<group>"; };
		3C9FD7B526862752003F9614 /* line.c */ = {isa = PBXFileReference; lastKnownFileType = sourcecode.c.c; path = line.c; sourceTree = "<group>"; };
		3C9FD7C12686DF48003F9614 /* cLoxTests */ = {isa = PBXFileReference; explicitFileType = "compiled.mach-o.executable"; includeInIndex = 0; path = cLoxTests; sourceTree = BUILT_PRODUCTS_DIR; };
		3C9FD7C32686DF48003F9614 /* main.c */ = {isa = PBXFileReference; lastKnownFileType = sourcecode.c.c; path = main.c; sourceTree = "<group>"; };
		3C9FD7CD2686E3A3003F9614 /* unity.c */ = {isa = PBXFileReference; fileEncoding = 4; lastKnownFileType = sourcecode.c.c; path = unity.c; sourceTree = "<group>"; };
		3C9FD7CE2686E3A3003F9614 /* unity_internals.h */ = {isa = PBXFileReference; fileEncoding = 4; lastKnownFileType = sourcecode.c.h; path = unity_internals.h; sourceTree = "<group>"; };
		3C9FD7CF2686E3A3003F9614 /* unity.h */ = {isa = PBXFileReference; fileEncoding = 4; lastKnownFileType = sourcecode.c.h; path = unity.h; sourceTree = "<group>"; };
		3C9FD7DE2686FAEE003F9614 /* line_tests.c */ = {isa = PBXFileReference; lastKnownFileType = sourcecode.c.c; path = line_tests.c; sourceTree = "<group>"; };
		3C9FD7E926871C68003F9614 /* chunk_tests.c */ = {isa = PBXFileReference; lastKnownFileType = sourcecode.c.c; path = chunk_tests.c; sourceTree = "<group>"; };
		3C9FD7F3268729A8003F9614 /* value_tests.c */ = {isa = PBXFileReference; lastKnownFileType = sourcecode.c.c; path = value_tests.c; sourceTree = "<group>"; };
/* End PBXFileReference section */

/* Begin PBXFrameworksBuildPhase section */
		3C9FD78D26843514003F9614 /* Frameworks */ = {
			isa = PBXFrameworksBuildPhase;
			buildActionMask = 2147483647;
			files = (
			);
			runOnlyForDeploymentPostprocessing = 0;
		};
		3C9FD7BE2686DF48003F9614 /* Frameworks */ = {
			isa = PBXFrameworksBuildPhase;
			buildActionMask = 2147483647;
			files = (
			);
			runOnlyForDeploymentPostprocessing = 0;
		};
/* End PBXFrameworksBuildPhase section */

/* Begin PBXGroup section */
		3C9FD78726843514003F9614 = {
			isa = PBXGroup;
			children = (
				3C9FD79226843514003F9614 /* cLox */,
				3C9FD7C22686DF48003F9614 /* cLoxTests */,
				3C9FD79126843514003F9614 /* Products */,
			);
			sourceTree = "<group>";
		};
		3C9FD79126843514003F9614 /* Products */ = {
			isa = PBXGroup;
			children = (
				3C9FD79026843514003F9614 /* cLox */,
				3C9FD7C12686DF48003F9614 /* cLoxTests */,
			);
			name = Products;
			sourceTree = "<group>";
		};
		3C9FD79226843514003F9614 /* cLox */ = {
			isa = PBXGroup;
			children = (
				3C9FD79326843514003F9614 /* main.c */,
				3C9FD79B2684354B003F9614 /* common.h */,
				3C9FD7B426862752003F9614 /* line.h */,
				3C9FD7B526862752003F9614 /* line.c */,
				3C9FD7A026843653003F9614 /* chunk.h */,
				3C9FD7A42684568C003F9614 /* chunk.c */,
				3C9FD7A726845C04003F9614 /* memory.h */,
				3C9FD7A926845F3F003F9614 /* memory.c */,
				3C9FD7AC268467DC003F9614 /* debug.h */,
				3C9FD7AD268467DC003F9614 /* debug.c */,
				3C9FD7B026847F1B003F9614 /* value.h */,
				3C9FD7B126847F1B003F9614 /* value.c */,
			);
			path = cLox;
			sourceTree = "<group>";
		};
		3C9FD7C22686DF48003F9614 /* cLoxTests */ = {
			isa = PBXGroup;
			children = (
				3C9FD7DB2686F964003F9614 /* unity */,
				3C9FD7C32686DF48003F9614 /* main.c */,
				3C9FD7DE2686FAEE003F9614 /* line_tests.c */,
				3C9FD7E926871C68003F9614 /* chunk_tests.c */,
				3C9FD7F3268729A8003F9614 /* value_tests.c */,
			);
			path = cLoxTests;
			sourceTree = "<group>";
		};
		3C9FD7DB2686F964003F9614 /* unity */ = {
			isa = PBXGroup;
			children = (
				3C9FD7CE2686E3A3003F9614 /* unity_internals.h */,
				3C9FD7CD2686E3A3003F9614 /* unity.c */,
				3C9FD7CF2686E3A3003F9614 /* unity.h */,
			);
			path = unity;
			sourceTree = "<group>";
		};
/* End PBXGroup section */

/* Begin PBXNativeTarget section */
		3C9FD78F26843514003F9614 /* cLox */ = {
			isa = PBXNativeTarget;
			buildConfigurationList = 3C9FD79726843514003F9614 /* Build configuration list for PBXNativeTarget "cLox" */;
			buildPhases = (
				3C9FD78C26843514003F9614 /* Sources */,
				3C9FD78D26843514003F9614 /* Frameworks */,
				3C9FD78E26843514003F9614 /* CopyFiles */,
			);
			buildRules = (
			);
			dependencies = (
			);
			name = cLox;
			productName = cLox;
			productReference = 3C9FD79026843514003F9614 /* cLox */;
			productType = "com.apple.product-type.tool";
		};
		3C9FD7C02686DF48003F9614 /* cLoxTests */ = {
			isa = PBXNativeTarget;
			buildConfigurationList = 3C9FD7C52686DF48003F9614 /* Build configuration list for PBXNativeTarget "cLoxTests" */;
			buildPhases = (
				3C9FD7BD2686DF48003F9614 /* Sources */,
				3C9FD7BE2686DF48003F9614 /* Frameworks */,
				3C9FD7BF2686DF48003F9614 /* CopyFiles */,
			);
			buildRules = (
			);
			dependencies = (
			);
			name = cLoxTests;
			productName = cLoxTests;
			productReference = 3C9FD7C12686DF48003F9614 /* cLoxTests */;
			productType = "com.apple.product-type.tool";
		};
/* End PBXNativeTarget section */

/* Begin PBXProject section */
		3C9FD78826843514003F9614 /* Project object */ = {
			isa = PBXProject;
			attributes = {
				LastUpgradeCheck = 1240;
				TargetAttributes = {
					3C9FD78F26843514003F9614 = {
						CreatedOnToolsVersion = 12.4;
					};
					3C9FD7C02686DF48003F9614 = {
						CreatedOnToolsVersion = 12.4;
					};
				};
			};
			buildConfigurationList = 3C9FD78B26843514003F9614 /* Build configuration list for PBXProject "cLox" */;
			compatibilityVersion = "Xcode 9.3";
			developmentRegion = en;
			hasScannedForEncodings = 0;
			knownRegions = (
				en,
				Base,
			);
			mainGroup = 3C9FD78726843514003F9614;
			productRefGroup = 3C9FD79126843514003F9614 /* Products */;
			projectDirPath = "";
			projectRoot = "";
			targets = (
				3C9FD78F26843514003F9614 /* cLox */,
				3C9FD7C02686DF48003F9614 /* cLoxTests */,
			);
		};
/* End PBXProject section */

/* Begin PBXSourcesBuildPhase section */
		3C9FD78C26843514003F9614 /* Sources */ = {
			isa = PBXSourcesBuildPhase;
			buildActionMask = 2147483647;
			files = (
				3C9FD7A52684568C003F9614 /* chunk.c in Sources */,
				3C9FD7AE268467DC003F9614 /* debug.c in Sources */,
				3C9FD79426843514003F9614 /* main.c in Sources */,
				3C9FD7B226847F1B003F9614 /* value.c in Sources */,
				3C9FD7AA26845F3F003F9614 /* memory.c in Sources */,
				3C9FD7A126843653003F9614 /* chunk.h in Sources */,
				3C9FD7B626862752003F9614 /* line.c in Sources */,
			);
			runOnlyForDeploymentPostprocessing = 0;
		};
		3C9FD7BD2686DF48003F9614 /* Sources */ = {
			isa = PBXSourcesBuildPhase;
			buildActionMask = 2147483647;
			files = (
				3C9FD7F4268729A8003F9614 /* value_tests.c in Sources */,
				3C9FD7C42686DF48003F9614 /* main.c in Sources */,
				3C9FD7EA26871C68003F9614 /* chunk_tests.c in Sources */,
				3C9FD7D52686F885003F9614 /* line.c in Sources */,
				3C9FD7D82686F898003F9614 /* memory.c in Sources */,
				3C9FD7D02686E3A3003F9614 /* unity.c in Sources */,
				3C9FD7F026871E0E003F9614 /* value.c in Sources */,
				3C9FD7ED26871C9B003F9614 /* chunk.c in Sources */,
				3C9FD7DF2686FAEE003F9614 /* line_tests.c in Sources */,
			);
			runOnlyForDeploymentPostprocessing = 0;
		};
/* End PBXSourcesBuildPhase section */

/* Begin XCBuildConfiguration section */
		3C9FD79526843514003F9614 /* Debug */ = {
			isa = XCBuildConfiguration;
			buildSettings = {
				ALWAYS_SEARCH_USER_PATHS = NO;
				CLANG_ANALYZER_NONNULL = YES;
				CLANG_ANALYZER_NUMBER_OBJECT_CONVERSION = YES_AGGRESSIVE;
				CLANG_CXX_LANGUAGE_STANDARD = "gnu++14";
				CLANG_CXX_LIBRARY = "libc++";
				CLANG_ENABLE_MODULES = YES;
				CLANG_ENABLE_OBJC_ARC = YES;
				CLANG_ENABLE_OBJC_WEAK = YES;
				CLANG_WARN_BLOCK_CAPTURE_AUTORELEASING = YES;
				CLANG_WARN_BOOL_CONVERSION = YES;
				CLANG_WARN_COMMA = YES;
				CLANG_WARN_CONSTANT_CONVERSION = YES;
				CLANG_WARN_DEPRECATED_OBJC_IMPLEMENTATIONS = YES;
				CLANG_WARN_DIRECT_OBJC_ISA_USAGE = YES_ERROR;
				CLANG_WARN_DOCUMENTATION_COMMENTS = YES;
				CLANG_WARN_EMPTY_BODY = YES;
				CLANG_WARN_ENUM_CONVERSION = YES;
				CLANG_WARN_INFINITE_RECURSION = YES;
				CLANG_WARN_INT_CONVERSION = YES;
				CLANG_WARN_NON_LITERAL_NULL_CONVERSION = YES;
				CLANG_WARN_OBJC_IMPLICIT_RETAIN_SELF = YES;
				CLANG_WARN_OBJC_LITERAL_CONVERSION = YES;
				CLANG_WARN_OBJC_ROOT_CLASS = YES_ERROR;
				CLANG_WARN_QUOTED_INCLUDE_IN_FRAMEWORK_HEADER = YES;
				CLANG_WARN_RANGE_LOOP_ANALYSIS = YES;
				CLANG_WARN_STRICT_PROTOTYPES = YES;
				CLANG_WARN_SUSPICIOUS_MOVE = YES;
				CLANG_WARN_UNGUARDED_AVAILABILITY = YES_AGGRESSIVE;
				CLANG_WARN_UNREACHABLE_CODE = YES;
				CLANG_WARN__DUPLICATE_METHOD_MATCH = YES;
				COPY_PHASE_STRIP = NO;
				DEBUG_INFORMATION_FORMAT = dwarf;
				ENABLE_STRICT_OBJC_MSGSEND = YES;
				ENABLE_TESTABILITY = YES;
				GCC_C_LANGUAGE_STANDARD = c99;
				GCC_DYNAMIC_NO_PIC = NO;
				GCC_NO_COMMON_BLOCKS = YES;
				GCC_OPTIMIZATION_LEVEL = 0;
				GCC_PREPROCESSOR_DEFINITIONS = (
					"DEBUG=1",
					"$(inherited)",
				);
				GCC_WARN_64_TO_32_BIT_CONVERSION = YES;
				GCC_WARN_ABOUT_RETURN_TYPE = YES_ERROR;
				GCC_WARN_UNDECLARED_SELECTOR = YES;
				GCC_WARN_UNINITIALIZED_AUTOS = YES_AGGRESSIVE;
				GCC_WARN_UNUSED_FUNCTION = YES;
				GCC_WARN_UNUSED_VARIABLE = YES;
				MACOSX_DEPLOYMENT_TARGET = 11.1;
				MTL_ENABLE_DEBUG_INFO = INCLUDE_SOURCE;
				MTL_FAST_MATH = YES;
				ONLY_ACTIVE_ARCH = YES;
				SDKROOT = macosx;
			};
			name = Debug;
		};
		3C9FD79626843514003F9614 /* Release */ = {
			isa = XCBuildConfiguration;
			buildSettings = {
				ALWAYS_SEARCH_USER_PATHS = NO;
				CLANG_ANALYZER_NONNULL = YES;
				CLANG_ANALYZER_NUMBER_OBJECT_CONVERSION = YES_AGGRESSIVE;
				CLANG_CXX_LANGUAGE_STANDARD = "gnu++14";
				CLANG_CXX_LIBRARY = "libc++";
				CLANG_ENABLE_MODULES = YES;
				CLANG_ENABLE_OBJC_ARC = YES;
				CLANG_ENABLE_OBJC_WEAK = YES;
				CLANG_WARN_BLOCK_CAPTURE_AUTORELEASING = YES;
				CLANG_WARN_BOOL_CONVERSION = YES;
				CLANG_WARN_COMMA = YES;
				CLANG_WARN_CONSTANT_CONVERSION = YES;
				CLANG_WARN_DEPRECATED_OBJC_IMPLEMENTATIONS = YES;
				CLANG_WARN_DIRECT_OBJC_ISA_USAGE = YES_ERROR;
				CLANG_WARN_DOCUMENTATION_COMMENTS = YES;
				CLANG_WARN_EMPTY_BODY = YES;
				CLANG_WARN_ENUM_CONVERSION = YES;
				CLANG_WARN_INFINITE_RECURSION = YES;
				CLANG_WARN_INT_CONVERSION = YES;
				CLANG_WARN_NON_LITERAL_NULL_CONVERSION = YES;
				CLANG_WARN_OBJC_IMPLICIT_RETAIN_SELF = YES;
				CLANG_WARN_OBJC_LITERAL_CONVERSION = YES;
				CLANG_WARN_OBJC_ROOT_CLASS = YES_ERROR;
				CLANG_WARN_QUOTED_INCLUDE_IN_FRAMEWORK_HEADER = YES;
				CLANG_WARN_RANGE_LOOP_ANALYSIS = YES;
				CLANG_WARN_STRICT_PROTOTYPES = YES;
				CLANG_WARN_SUSPICIOUS_MOVE = YES;
				CLANG_WARN_UNGUARDED_AVAILABILITY = YES_AGGRESSIVE;
				CLANG_WARN_UNREACHABLE_CODE = YES;
				CLANG_WARN__DUPLICATE_METHOD_MATCH = YES;
				COPY_PHASE_STRIP = NO;
				DEBUG_INFORMATION_FORMAT = "dwarf-with-dsym";
				ENABLE_NS_ASSERTIONS = NO;
				ENABLE_STRICT_OBJC_MSGSEND = YES;
				GCC_C_LANGUAGE_STANDARD = c99;
				GCC_NO_COMMON_BLOCKS = YES;
				GCC_WARN_64_TO_32_BIT_CONVERSION = YES;
				GCC_WARN_ABOUT_RETURN_TYPE = YES_ERROR;
				GCC_WARN_UNDECLARED_SELECTOR = YES;
				GCC_WARN_UNINITIALIZED_AUTOS = YES_AGGRESSIVE;
				GCC_WARN_UNUSED_FUNCTION = YES;
				GCC_WARN_UNUSED_VARIABLE = YES;
				MACOSX_DEPLOYMENT_TARGET = 11.1;
				MTL_ENABLE_DEBUG_INFO = NO;
				MTL_FAST_MATH = YES;
				SDKROOT = macosx;
			};
			name = Release;
		};
		3C9FD79826843514003F9614 /* Debug */ = {
			isa = XCBuildConfiguration;
			buildSettings = {
				CODE_SIGN_STYLE = Automatic;
				PRODUCT_NAME = "$(TARGET_NAME)";
			};
			name = Debug;
		};
		3C9FD79926843514003F9614 /* Release */ = {
			isa = XCBuildConfiguration;
			buildSettings = {
				CODE_SIGN_STYLE = Automatic;
				PRODUCT_NAME = "$(TARGET_NAME)";
			};
			name = Release;
		};
		3C9FD7C62686DF48003F9614 /* Debug */ = {
			isa = XCBuildConfiguration;
			buildSettings = {
				CODE_SIGN_STYLE = Automatic;
				GCC_C_LANGUAGE_STANDARD = gnu11;
				PRODUCT_NAME = "$(TARGET_NAME)";
			};
			name = Debug;
		};
		3C9FD7C72686DF48003F9614 /* Release */ = {
			isa = XCBuildConfiguration;
			buildSettings = {
				CODE_SIGN_STYLE = Automatic;
				GCC_C_LANGUAGE_STANDARD = gnu11;
				PRODUCT_NAME = "$(TARGET_NAME)";
			};
			name = Release;
		};
/* End XCBuildConfiguration section */

/* Begin XCConfigurationList section */
		3C9FD78B26843514003F9614 /* Build configuration list for PBXProject "cLox" */ = {
			isa = XCConfigurationList;
			buildConfigurations = (
				3C9FD79526843514003F9614 /* Debug */,
				3C9FD79626843514003F9614 /* Release */,
			);
			defaultConfigurationIsVisible = 0;
			defaultConfigurationName = Release;
		};
		3C9FD79726843514003F9614 /* Build configuration list for PBXNativeTarget "cLox" */ = {
			isa = XCConfigurationList;
			buildConfigurations = (
				3C9FD79826843514003F9614 /* Debug */,
				3C9FD79926843514003F9614 /* Release */,
			);
			defaultConfigurationIsVisible = 0;
			defaultConfigurationName = Release;
		};
		3C9FD7C52686DF48003F9614 /* Build configuration list for PBXNativeTarget "cLoxTests" */ = {
			isa = XCConfigurationList;
			buildConfigurations = (
				3C9FD7C62686DF48003F9614 /* Debug */,
				3C9FD7C72686DF48003F9614 /* Release */,
			);
			defaultConfigurationIsVisible = 0;
			defaultConfigurationName = Release;
		};
/* End XCConfigurationList section */
	};
	rootObject = 3C9FD78826843514003F9614 /* Project object */;
}
